
Microsoft Visual Studio Solution File, Format Version 12.00
# Visual Studio Version 17
VisualStudioVersion = 17.14.36301.6 d17.14
MinimumVisualStudioVersion = 10.0.40219.1
Project("{FAE04EC0-301F-11D3-BF4B-00C04F79EFBC}") = "StressTestToolApp", "StressTestToolApp\StressTestToolApp.csproj", "{74C2A58B-8590-44D7-9041-8B053869609A}"
EndProject
Global
	GlobalSection(SolutionConfigurationPlatforms) = preSolution
		Debug|Any CPU = Debug|Any CPU
		Release|Any CPU = Release|Any CPU
	EndGlobalSection
	GlobalSection(ProjectConfigurationPlatforms) = postSolution
		{74C2A58B-8590-44D7-9041-8B053869609A}.Debug|Any CPU.ActiveCfg = Debug|Any CPU
		{74C2A58B-8590-44D7-9041-8B053869609A}.Debug|Any CPU.Build.0 = Debug|Any CPU
		{74C2A58B-8590-44D7-9041-8B053869609A}.Release|Any CPU.ActiveCfg = Release|Any CPU
		{74C2A58B-8590-44D7-9041-8B053869609A}.Release|Any CPU.Build.0 = Release|Any CPU
	EndGlobalSection
	GlobalSection(SolutionProperties) = preSolution
		HideSolutionNode = FALSE
	EndGlobalSection
	GlobalSection(ExtensibilityGlobals) = postSolution
		SolutionGuid = {DB70D3FB-E357-4E8A-94C0-51F2FAD2D66C}
	EndGlobalSection
EndGlobal
